{
    "_readme": [
        "This file locks the dependencies of your project to a known state",
        "Read more about it at https://getcomposer.org/doc/01-basic-usage.md#composer-lock-the-lock-file",
        "This file is @generated automatically"
    ],
    "hash": "dfe18bd08ef5654668159a8585d77148",
    "content-hash": "c270468d54ea677c31308aaad311d44a",
    "packages": [
        {
            "name": "a5hleyrich/wp-background-processing",
            "version": "dev-jobs-database-table",
            "source": {
                "type": "git",
                "url": "https://github.com/MinnPost/wp-background-processing.git",
                "reference": "5f7ead39657af389dae2b0eb8a8799e7ad26ffc7"
            },
            "dist": {
                "type": "zip",
                "url": "https://api.github.com/repos/MinnPost/wp-background-processing/zipball/5f7ead39657af389dae2b0eb8a8799e7ad26ffc7",
                "reference": "5f7ead39657af389dae2b0eb8a8799e7ad26ffc7",
                "shasum": ""
            },
            "require": {
                "php": ">=5.2"
            },
            "type": "library",
            "autoload": {
                "classmap": [
                    "classes/"
                ]
            },
            "license": [
                "GPLv2+"
            ],
            "authors": [
                {
                    "name": "Ashley Rich",
                    "email": "hello@ashleyrich.com"
                }
            ],
            "description": "WP Background Processing can be used to fire off non-blocking asynchronous requests or as a background processing tool, allowing you to queue tasks.",
            "support": {
                "source": "https://github.com/MinnPost/wp-background-processing/tree/jobs-database-table"
            },
            "time": "2016-09-09 15:06:31"
        },
        {
            "name": "pippinsplugins/wp-logging",
            "version": "dev-master",
            "source": {
                "type": "git",
                "url": "https://github.com/pippinsplugins/wp-logging.git",
                "reference": "766d745886093fae88788107e190aff41b1db61b"
            },
            "require": {
                "php": ">=5.2.0"
            },
            "type": "library",
            "license": [
                "GPL-2.0+"
            ],
            "authors": [
                {
                    "name": "Pippin Williamson"
                }
            ],
            "description": "A WordPress class that provides a general logging system.",
            "homepage": "https://github.com/pippinsplugins/WP-Logging",
            "keywords": [
                "log",
                "logger",
                "logging",
                "wordpress"
            ],
            "time": "2016-04-08 18:01:49"
        }
    ],
    "packages-dev": [],
    "aliases": [],
    "minimum-stability": "dev",
    "stability-flags": {
        "pippinsplugins/wp-logging": 20,
        "a5hleyrich/wp-background-processing": 20
    },
    "prefer-stable": false,
    "prefer-lowest": false,
    "platform": [],
    "platform-dev": []
}
